// !$*UTF8*$!
{
	archiveVersion = 1;
	classes = {
	};
	objectVersion = 55;
	objects = {

/* Begin PBXBuildFile section */
		4D0FAD9E287F506B000230A1 /* SectionViewController.swift in Sources */ = {isa = PBXBuildFile; fileRef = 4D0FAD9D287F506B000230A1 /* SectionViewController.swift */; };
		4D0FADA32882166A000230A1 /* Kingfisher in Frameworks */ = {isa = PBXBuildFile; productRef = 4D0FADA22882166A000230A1 /* Kingfisher */; };
		4D0FADA5288228D1000230A1 /* NewsDTO.swift in Sources */ = {isa = PBXBuildFile; fileRef = 4D0FADA4288228D1000230A1 /* NewsDTO.swift */; };
		4D0FADA72882E110000230A1 /* News.swift in Sources */ = {isa = PBXBuildFile; fileRef = 4D0FADA62882E110000230A1 /* News.swift */; };
		4D0FADAA2882E316000230A1 /* FetchedDataProtocol.swift in Sources */ = {isa = PBXBuildFile; fileRef = 4D0FADA92882E316000230A1 /* FetchedDataProtocol.swift */; };
		4D0FADAC28843C02000230A1 /* DetailViewController.swift in Sources */ = {isa = PBXBuildFile; fileRef = 4D0FADAB28843C02000230A1 /* DetailViewController.swift */; };
		4D0FADAF288468F3000230A1 /* ButtonWithLoader.swift in Sources */ = {isa = PBXBuildFile; fileRef = 4D0FADAE288468F3000230A1 /* ButtonWithLoader.swift */; };
		4D5C3C292888353500D1BDCE /* ItemHeaderTableView.swift in Sources */ = {isa = PBXBuildFile; fileRef = 4D5C3C282888353500D1BDCE /* ItemHeaderTableView.swift */; };
		4D5C3C2B28885CA400D1BDCE /* ItemTitleTableViewCell.swift in Sources */ = {isa = PBXBuildFile; fileRef = 4D5C3C2A28885CA400D1BDCE /* ItemTitleTableViewCell.swift */; };
		4D5C3C2D2888608600D1BDCE /* ItemDescriptionTableViewCell.swift in Sources */ = {isa = PBXBuildFile; fileRef = 4D5C3C2C2888608600D1BDCE /* ItemDescriptionTableViewCell.swift */; };
		4DCE7C6D2877624E0029ADFA /* UILabel+TextStyle.swift in Sources */ = {isa = PBXBuildFile; fileRef = 4DCE7C6C2877624E0029ADFA /* UILabel+TextStyle.swift */; };
		4DEE70B6286AE98B00340636 /* SnapKit in Frameworks */ = {isa = PBXBuildFile; productRef = 4DEE70B5286AE98B00340636 /* SnapKit */; };
		4DEE70B9286AECCA00340636 /* UITableView+Reusable.swift in Sources */ = {isa = PBXBuildFile; fileRef = 4DEE70B8286AECCA00340636 /* UITableView+Reusable.swift */; };
		4DEE70BD286B037400340636 /* TabBarController.swift in Sources */ = {isa = PBXBuildFile; fileRef = 4DEE70BC286B037400340636 /* TabBarController.swift */; };
		4DEE70C1286B47AA00340636 /* ColorViewController.swift in Sources */ = {isa = PBXBuildFile; fileRef = 4DEE70C0286B47AA00340636 /* ColorViewController.swift */; };
		A4B738A22865E0FF0062F4B7 /* Book.swift in Sources */ = {isa = PBXBuildFile; fileRef = A4B738A12865E0FF0062F4B7 /* Book.swift */; };
		A4B738A72865E3260062F4B7 /* ContentListTableViewCell.swift in Sources */ = {isa = PBXBuildFile; fileRef = A4B738A62865E3260062F4B7 /* ContentListTableViewCell.swift */; };
		A4B738AA2865F07D0062F4B7 /* ItemsDTO.swift in Sources */ = {isa = PBXBuildFile; fileRef = A4B738A92865F07D0062F4B7 /* ItemsDTO.swift */; };
		A4B738AC2865F1DE0062F4B7 /* BookDTO.swift in Sources */ = {isa = PBXBuildFile; fileRef = A4B738AB2865F1DE0062F4B7 /* BookDTO.swift */; };
		A4B738AF2865F2760062F4B7 /* NetworkService.swift in Sources */ = {isa = PBXBuildFile; fileRef = A4B738AE2865F2760062F4B7 /* NetworkService.swift */; };
		A4B738B12865F6100062F4B7 /* FetchedDataService.swift in Sources */ = {isa = PBXBuildFile; fileRef = A4B738B02865F6100062F4B7 /* FetchedDataService.swift */; };
		A4DEBE502865DC46008D21A5 /* AppDelegate.swift in Sources */ = {isa = PBXBuildFile; fileRef = A4DEBE4F2865DC46008D21A5 /* AppDelegate.swift */; };
		A4DEBE542865DC46008D21A5 /* ContentListViewController.swift in Sources */ = {isa = PBXBuildFile; fileRef = A4DEBE532865DC46008D21A5 /* ContentListViewController.swift */; };
		A4DEBE592865DC4A008D21A5 /* Assets.xcassets in Resources */ = {isa = PBXBuildFile; fileRef = A4DEBE582865DC4A008D21A5 /* Assets.xcassets */; };
		A4DEBE5C2865DC4A008D21A5 /* LaunchScreen.storyboard in Resources */ = {isa = PBXBuildFile; fileRef = A4DEBE5A2865DC4A008D21A5 /* LaunchScreen.storyboard */; };
/* End PBXBuildFile section */

/* Begin PBXFileReference section */
		4D0FAD9D287F506B000230A1 /* SectionViewController.swift */ = {isa = PBXFileReference; lastKnownFileType = sourcecode.swift; path = SectionViewController.swift; sourceTree = "<group>"; };
		4D0FADA4288228D1000230A1 /* NewsDTO.swift */ = {isa = PBXFileReference; lastKnownFileType = sourcecode.swift; path = NewsDTO.swift; sourceTree = "<group>"; };
		4D0FADA62882E110000230A1 /* News.swift */ = {isa = PBXFileReference; lastKnownFileType = sourcecode.swift; path = News.swift; sourceTree = "<group>"; };
		4D0FADA92882E316000230A1 /* FetchedDataProtocol.swift */ = {isa = PBXFileReference; lastKnownFileType = sourcecode.swift; path = FetchedDataProtocol.swift; sourceTree = "<group>"; };
		4D0FADAB28843C02000230A1 /* DetailViewController.swift */ = {isa = PBXFileReference; lastKnownFileType = sourcecode.swift; path = DetailViewController.swift; sourceTree = "<group>"; };
		4D0FADAE288468F3000230A1 /* ButtonWithLoader.swift */ = {isa = PBXFileReference; lastKnownFileType = sourcecode.swift; path = ButtonWithLoader.swift; sourceTree = "<group>"; };
		4D5C3C282888353500D1BDCE /* ItemHeaderTableView.swift */ = {isa = PBXFileReference; lastKnownFileType = sourcecode.swift; path = ItemHeaderTableView.swift; sourceTree = "<group>"; };
		4D5C3C2A28885CA400D1BDCE /* ItemTitleTableViewCell.swift */ = {isa = PBXFileReference; lastKnownFileType = sourcecode.swift; path = ItemTitleTableViewCell.swift; sourceTree = "<group>"; };
		4D5C3C2C2888608600D1BDCE /* ItemDescriptionTableViewCell.swift */ = {isa = PBXFileReference; lastKnownFileType = sourcecode.swift; path = ItemDescriptionTableViewCell.swift; sourceTree = "<group>"; };
		4DCE7C6C2877624E0029ADFA /* UILabel+TextStyle.swift */ = {isa = PBXFileReference; lastKnownFileType = sourcecode.swift; path = "UILabel+TextStyle.swift"; sourceTree = "<group>"; };
		4DEE70B8286AECCA00340636 /* UITableView+Reusable.swift */ = {isa = PBXFileReference; lastKnownFileType = sourcecode.swift; path = "UITableView+Reusable.swift"; sourceTree = "<group>"; };
		4DEE70BC286B037400340636 /* TabBarController.swift */ = {isa = PBXFileReference; lastKnownFileType = sourcecode.swift; path = TabBarController.swift; sourceTree = "<group>"; };
		4DEE70C0286B47AA00340636 /* ColorViewController.swift */ = {isa = PBXFileReference; lastKnownFileType = sourcecode.swift; path = ColorViewController.swift; sourceTree = "<group>"; };
		A4B738A12865E0FF0062F4B7 /* Book.swift */ = {isa = PBXFileReference; lastKnownFileType = sourcecode.swift; path = Book.swift; sourceTree = "<group>"; };
		A4B738A62865E3260062F4B7 /* ContentListTableViewCell.swift */ = {isa = PBXFileReference; lastKnownFileType = sourcecode.swift; path = ContentListTableViewCell.swift; sourceTree = "<group>"; };
		A4B738A92865F07D0062F4B7 /* ItemsDTO.swift */ = {isa = PBXFileReference; lastKnownFileType = sourcecode.swift; path = ItemsDTO.swift; sourceTree = "<group>"; };
		A4B738AB2865F1DE0062F4B7 /* BookDTO.swift */ = {isa = PBXFileReference; lastKnownFileType = sourcecode.swift; path = BookDTO.swift; sourceTree = "<group>"; };
		A4B738AE2865F2760062F4B7 /* NetworkService.swift */ = {isa = PBXFileReference; lastKnownFileType = sourcecode.swift; path = NetworkService.swift; sourceTree = "<group>"; };
		A4B738B02865F6100062F4B7 /* FetchedDataService.swift */ = {isa = PBXFileReference; lastKnownFileType = sourcecode.swift; path = FetchedDataService.swift; sourceTree = "<group>"; };
		A4DEBE4C2865DC46008D21A5 /* Task2.app */ = {isa = PBXFileReference; explicitFileType = wrapper.application; includeInIndex = 0; path = Task2.app; sourceTree = BUILT_PRODUCTS_DIR; };
		A4DEBE4F2865DC46008D21A5 /* AppDelegate.swift */ = {isa = PBXFileReference; lastKnownFileType = sourcecode.swift; path = AppDelegate.swift; sourceTree = "<group>"; };
		A4DEBE532865DC46008D21A5 /* ContentListViewController.swift */ = {isa = PBXFileReference; lastKnownFileType = sourcecode.swift; path = ContentListViewController.swift; sourceTree = "<group>"; };
		A4DEBE582865DC4A008D21A5 /* Assets.xcassets */ = {isa = PBXFileReference; lastKnownFileType = folder.assetcatalog; path = Assets.xcassets; sourceTree = "<group>"; };
		A4DEBE5B2865DC4A008D21A5 /* Base */ = {isa = PBXFileReference; lastKnownFileType = file.storyboard; name = Base; path = Base.lproj/LaunchScreen.storyboard; sourceTree = "<group>"; };
		A4DEBE5D2865DC4A008D21A5 /* Info.plist */ = {isa = PBXFileReference; lastKnownFileType = text.plist.xml; path = Info.plist; sourceTree = "<group>"; };
/* End PBXFileReference section */

/* Begin PBXFrameworksBuildPhase section */
		A4DEBE492865DC46008D21A5 /* Frameworks */ = {
			isa = PBXFrameworksBuildPhase;
			buildActionMask = 2147483647;
			files = (
				4D0FADA32882166A000230A1 /* Kingfisher in Frameworks */,
				4DEE70B6286AE98B00340636 /* SnapKit in Frameworks */,
			);
			runOnlyForDeploymentPostprocessing = 0;
		};
/* End PBXFrameworksBuildPhase section */

/* Begin PBXGroup section */
		4D0FADA82882E2F9000230A1 /* Protocols */ = {
			isa = PBXGroup;
			children = (
				4D0FADA92882E316000230A1 /* FetchedDataProtocol.swift */,
			);
			path = Protocols;
			sourceTree = "<group>";
		};
		4D0FADAD288468DB000230A1 /* View */ = {
			isa = PBXGroup;
			children = (
				4D0FADAE288468F3000230A1 /* ButtonWithLoader.swift */,
			);
			path = View;
			sourceTree = "<group>";
		};
		4DEE70B7286AECB400340636 /* Extensions */ = {
			isa = PBXGroup;
			children = (
				4DEE70B8286AECCA00340636 /* UITableView+Reusable.swift */,
				4DCE7C6C2877624E0029ADFA /* UILabel+TextStyle.swift */,
			);
			path = Extensions;
			sourceTree = "<group>";
		};
		4DEE70BA286AEEFA00340636 /* ViewControllers */ = {
			isa = PBXGroup;
			children = (
				A4DEBE532865DC46008D21A5 /* ContentListViewController.swift */,
				4D0FAD9D287F506B000230A1 /* SectionViewController.swift */,
				4D0FADAB28843C02000230A1 /* DetailViewController.swift */,
			);
			path = ViewControllers;
			sourceTree = "<group>";
		};
		4DEE70BB286B035100340636 /* Main */ = {
			isa = PBXGroup;
			children = (
				4D0FADAD288468DB000230A1 /* View */,
				4DEE70BC286B037400340636 /* TabBarController.swift */,
			);
			path = Main;
			sourceTree = "<group>";
		};
		4DEE70BE286B478800340636 /* Color */ = {
			isa = PBXGroup;
			children = (
				4DEE70BF286B479600340636 /* ViewControllers */,
			);
			path = Color;
			sourceTree = "<group>";
		};
		4DEE70BF286B479600340636 /* ViewControllers */ = {
			isa = PBXGroup;
			children = (
				4DEE70C0286B47AA00340636 /* ColorViewController.swift */,
			);
			path = ViewControllers;
			sourceTree = "<group>";
		};
		A4B738A02865E0C10062F4B7 /* Models */ = {
			isa = PBXGroup;
			children = (
				A4B738A82865F0690062F4B7 /* DTO */,
				A4B738A12865E0FF0062F4B7 /* Book.swift */,
				4D0FADA62882E110000230A1 /* News.swift */,
			);
			path = Models;
			sourceTree = "<group>";
		};
		A4B738A32865E1B40062F4B7 /* Presentation */ = {
			isa = PBXGroup;
			children = (
				4DEE70BB286B035100340636 /* Main */,
				4DEE70BE286B478800340636 /* Color */,
				A4B738A42865E1C50062F4B7 /* Library */,
			);
			path = Presentation;
			sourceTree = "<group>";
		};
		A4B738A42865E1C50062F4B7 /* Library */ = {
			isa = PBXGroup;
			children = (
				4DEE70BA286AEEFA00340636 /* ViewControllers */,
				A4B738A52865E30F0062F4B7 /* View */,
			);
			path = Library;
			sourceTree = "<group>";
		};
		A4B738A52865E30F0062F4B7 /* View */ = {
			isa = PBXGroup;
			children = (
				A4B738A62865E3260062F4B7 /* ContentListTableViewCell.swift */,
				4D5C3C282888353500D1BDCE /* ItemHeaderTableView.swift */,
				4D5C3C2A28885CA400D1BDCE /* ItemTitleTableViewCell.swift */,
				4D5C3C2C2888608600D1BDCE /* ItemDescriptionTableViewCell.swift */,
			);
			path = View;
			sourceTree = "<group>";
		};
		A4B738A82865F0690062F4B7 /* DTO */ = {
			isa = PBXGroup;
			children = (
				A4B738A92865F07D0062F4B7 /* ItemsDTO.swift */,
				A4B738AB2865F1DE0062F4B7 /* BookDTO.swift */,
				4D0FADA4288228D1000230A1 /* NewsDTO.swift */,
			);
			path = DTO;
			sourceTree = "<group>";
		};
		A4B738AD2865F2640062F4B7 /* Services */ = {
			isa = PBXGroup;
			children = (
				A4B738AE2865F2760062F4B7 /* NetworkService.swift */,
				A4B738B02865F6100062F4B7 /* FetchedDataService.swift */,
			);
			path = Services;
			sourceTree = "<group>";
		};
		A4DEBE432865DC46008D21A5 = {
			isa = PBXGroup;
			children = (
				A4DEBE4E2865DC46008D21A5 /* Task2 */,
				A4DEBE4D2865DC46008D21A5 /* Products */,
			);
			sourceTree = "<group>";
		};
		A4DEBE4D2865DC46008D21A5 /* Products */ = {
			isa = PBXGroup;
			children = (
				A4DEBE4C2865DC46008D21A5 /* Task2.app */,
			);
			name = Products;
			sourceTree = "<group>";
		};
		A4DEBE4E2865DC46008D21A5 /* Task2 */ = {
			isa = PBXGroup;
			children = (
				4D0FADA82882E2F9000230A1 /* Protocols */,
				4DEE70B7286AECB400340636 /* Extensions */,
				A4B738AD2865F2640062F4B7 /* Services */,
				A4B738A32865E1B40062F4B7 /* Presentation */,
				A4B738A02865E0C10062F4B7 /* Models */,
				A4DEBE4F2865DC46008D21A5 /* AppDelegate.swift */,
				A4DEBE582865DC4A008D21A5 /* Assets.xcassets */,
				A4DEBE5A2865DC4A008D21A5 /* LaunchScreen.storyboard */,
				A4DEBE5D2865DC4A008D21A5 /* Info.plist */,
			);
			path = Task2;
			sourceTree = "<group>";
		};
/* End PBXGroup section */

/* Begin PBXNativeTarget section */
		A4DEBE4B2865DC46008D21A5 /* Task2 */ = {
			isa = PBXNativeTarget;
			buildConfigurationList = A4DEBE602865DC4A008D21A5 /* Build configuration list for PBXNativeTarget "Task2" */;
			buildPhases = (
				A4DEBE482865DC46008D21A5 /* Sources */,
				A4DEBE492865DC46008D21A5 /* Frameworks */,
				A4DEBE4A2865DC46008D21A5 /* Resources */,
			);
			buildRules = (
			);
			dependencies = (
			);
			name = Task2;
			packageProductDependencies = (
				4DEE70B5286AE98B00340636 /* SnapKit */,
				4D0FADA22882166A000230A1 /* Kingfisher */,
			);
			productName = Task2;
			productReference = A4DEBE4C2865DC46008D21A5 /* Task2.app */;
			productType = "com.apple.product-type.application";
		};
/* End PBXNativeTarget section */

/* Begin PBXProject section */
		A4DEBE442865DC46008D21A5 /* Project object */ = {
			isa = PBXProject;
			attributes = {
				BuildIndependentTargetsInParallel = 1;
				LastSwiftUpdateCheck = 1330;
				LastUpgradeCheck = 1330;
				TargetAttributes = {
					A4DEBE4B2865DC46008D21A5 = {
						CreatedOnToolsVersion = 13.3.1;
					};
				};
			};
			buildConfigurationList = A4DEBE472865DC46008D21A5 /* Build configuration list for PBXProject "Task2" */;
			compatibilityVersion = "Xcode 13.0";
			developmentRegion = en;
			hasScannedForEncodings = 0;
			knownRegions = (
				en,
				Base,
			);
			mainGroup = A4DEBE432865DC46008D21A5;
			packageReferences = (
				4DEE70B4286AE98B00340636 /* XCRemoteSwiftPackageReference "SnapKit" */,
				4D0FADA12882166A000230A1 /* XCRemoteSwiftPackageReference "Kingfisher" */,
			);
			productRefGroup = A4DEBE4D2865DC46008D21A5 /* Products */;
			projectDirPath = "";
			projectRoot = "";
			targets = (
				A4DEBE4B2865DC46008D21A5 /* Task2 */,
			);
		};
/* End PBXProject section */

/* Begin PBXResourcesBuildPhase section */
		A4DEBE4A2865DC46008D21A5 /* Resources */ = {
			isa = PBXResourcesBuildPhase;
			buildActionMask = 2147483647;
			files = (
				A4DEBE5C2865DC4A008D21A5 /* LaunchScreen.storyboard in Resources */,
				A4DEBE592865DC4A008D21A5 /* Assets.xcassets in Resources */,
			);
			runOnlyForDeploymentPostprocessing = 0;
		};
/* End PBXResourcesBuildPhase section */

/* Begin PBXSourcesBuildPhase section */
		A4DEBE482865DC46008D21A5 /* Sources */ = {
			isa = PBXSourcesBuildPhase;
			buildActionMask = 2147483647;
			files = (
				A4B738AC2865F1DE0062F4B7 /* BookDTO.swift in Sources */,
				4D5C3C2D2888608600D1BDCE /* ItemDescriptionTableViewCell.swift in Sources */,
				4DCE7C6D2877624E0029ADFA /* UILabel+TextStyle.swift in Sources */,
				4D0FADA72882E110000230A1 /* News.swift in Sources */,
				A4B738A72865E3260062F4B7 /* ContentListTableViewCell.swift in Sources */,
				4DEE70BD286B037400340636 /* TabBarController.swift in Sources */,
				A4B738AF2865F2760062F4B7 /* NetworkService.swift in Sources */,
				A4B738A22865E0FF0062F4B7 /* Book.swift in Sources */,
				A4B738AA2865F07D0062F4B7 /* ItemsDTO.swift in Sources */,
				A4B738B12865F6100062F4B7 /* FetchedDataService.swift in Sources */,
				4D0FADAC28843C02000230A1 /* DetailViewController.swift in Sources */,
				4D0FAD9E287F506B000230A1 /* SectionViewController.swift in Sources */,
				A4DEBE542865DC46008D21A5 /* ContentListViewController.swift in Sources */,
				4DEE70B9286AECCA00340636 /* UITableView+Reusable.swift in Sources */,
				4D0FADAA2882E316000230A1 /* FetchedDataProtocol.swift in Sources */,
				A4DEBE502865DC46008D21A5 /* AppDelegate.swift in Sources */,
				4D0FADA5288228D1000230A1 /* NewsDTO.swift in Sources */,
				4DEE70C1286B47AA00340636 /* ColorViewController.swift in Sources */,
				4D0FADAF288468F3000230A1 /* ButtonWithLoader.swift in Sources */,
				4D5C3C292888353500D1BDCE /* ItemHeaderTableView.swift in Sources */,
				4D5C3C2B28885CA400D1BDCE /* ItemTitleTableViewCell.swift in Sources */,
			);
			runOnlyForDeploymentPostprocessing = 0;
		};
/* End PBXSourcesBuildPhase section */

/* Begin PBXVariantGroup section */
		A4DEBE5A2865DC4A008D21A5 /* LaunchScreen.storyboard */ = {
			isa = PBXVariantGroup;
			children = (
				A4DEBE5B2865DC4A008D21A5 /* Base */,
			);
			name = LaunchScreen.storyboard;
			sourceTree = "<group>";
		};
/* End PBXVariantGroup section */

/* Begin XCBuildConfiguration section */
		A4DEBE5E2865DC4A008D21A5 /* Debug */ = {
			isa = XCBuildConfiguration;
			buildSettings = {
				ALWAYS_SEARCH_USER_PATHS = NO;
				CLANG_ANALYZER_NONNULL = YES;
				CLANG_ANALYZER_NUMBER_OBJECT_CONVERSION = YES_AGGRESSIVE;
				CLANG_CXX_LANGUAGE_STANDARD = "gnu++17";
				CLANG_ENABLE_MODULES = YES;
				CLANG_ENABLE_OBJC_ARC = YES;
				CLANG_ENABLE_OBJC_WEAK = YES;
				CLANG_WARN_BLOCK_CAPTURE_AUTORELEASING = YES;
				CLANG_WARN_BOOL_CONVERSION = YES;
				CLANG_WARN_COMMA = YES;
				CLANG_WARN_CONSTANT_CONVERSION = YES;
				CLANG_WARN_DEPRECATED_OBJC_IMPLEMENTATIONS = YES;
				CLANG_WARN_DIRECT_OBJC_ISA_USAGE = YES_ERROR;
				CLANG_WARN_DOCUMENTATION_COMMENTS = YES;
				CLANG_WARN_EMPTY_BODY = YES;
				CLANG_WARN_ENUM_CONVERSION = YES;
				CLANG_WARN_INFINITE_RECURSION = YES;
				CLANG_WARN_INT_CONVERSION = YES;
				CLANG_WARN_NON_LITERAL_NULL_CONVERSION = YES;
				CLANG_WARN_OBJC_IMPLICIT_RETAIN_SELF = YES;
				CLANG_WARN_OBJC_LITERAL_CONVERSION = YES;
				CLANG_WARN_OBJC_ROOT_CLASS = YES_ERROR;
				CLANG_WARN_QUOTED_INCLUDE_IN_FRAMEWORK_HEADER = YES;
				CLANG_WARN_RANGE_LOOP_ANALYSIS = YES;
				CLANG_WARN_STRICT_PROTOTYPES = YES;
				CLANG_WARN_SUSPICIOUS_MOVE = YES;
				CLANG_WARN_UNGUARDED_AVAILABILITY = YES_AGGRESSIVE;
				CLANG_WARN_UNREACHABLE_CODE = YES;
				CLANG_WARN__DUPLICATE_METHOD_MATCH = YES;
				COPY_PHASE_STRIP = NO;
				DEBUG_INFORMATION_FORMAT = dwarf;
				ENABLE_STRICT_OBJC_MSGSEND = YES;
				ENABLE_TESTABILITY = YES;
				GCC_C_LANGUAGE_STANDARD = gnu11;
				GCC_DYNAMIC_NO_PIC = NO;
				GCC_NO_COMMON_BLOCKS = YES;
				GCC_OPTIMIZATION_LEVEL = 0;
				GCC_PREPROCESSOR_DEFINITIONS = (
					"DEBUG=1",
					"$(inherited)",
				);
				GCC_WARN_64_TO_32_BIT_CONVERSION = YES;
				GCC_WARN_ABOUT_RETURN_TYPE = YES_ERROR;
				GCC_WARN_UNDECLARED_SELECTOR = YES;
				GCC_WARN_UNINITIALIZED_AUTOS = YES_AGGRESSIVE;
				GCC_WARN_UNUSED_FUNCTION = YES;
				GCC_WARN_UNUSED_VARIABLE = YES;
				IPHONEOS_DEPLOYMENT_TARGET = 15.0;
				MTL_ENABLE_DEBUG_INFO = INCLUDE_SOURCE;
				MTL_FAST_MATH = YES;
				ONLY_ACTIVE_ARCH = YES;
				SDKROOT = iphoneos;
				SWIFT_ACTIVE_COMPILATION_CONDITIONS = DEBUG;
				SWIFT_OPTIMIZATION_LEVEL = "-Onone";
			};
			name = Debug;
		};
		A4DEBE5F2865DC4A008D21A5 /* Release */ = {
			isa = XCBuildConfiguration;
			buildSettings = {
				ALWAYS_SEARCH_USER_PATHS = NO;
				CLANG_ANALYZER_NONNULL = YES;
				CLANG_ANALYZER_NUMBER_OBJECT_CONVERSION = YES_AGGRESSIVE;
				CLANG_CXX_LANGUAGE_STANDARD = "gnu++17";
				CLANG_ENABLE_MODULES = YES;
				CLANG_ENABLE_OBJC_ARC = YES;
				CLANG_ENABLE_OBJC_WEAK = YES;
				CLANG_WARN_BLOCK_CAPTURE_AUTORELEASING = YES;
				CLANG_WARN_BOOL_CONVERSION = YES;
				CLANG_WARN_COMMA = YES;
				CLANG_WARN_CONSTANT_CONVERSION = YES;
				CLANG_WARN_DEPRECATED_OBJC_IMPLEMENTATIONS = YES;
				CLANG_WARN_DIRECT_OBJC_ISA_USAGE = YES_ERROR;
				CLANG_WARN_DOCUMENTATION_COMMENTS = YES;
				CLANG_WARN_EMPTY_BODY = YES;
				CLANG_WARN_ENUM_CONVERSION = YES;
				CLANG_WARN_INFINITE_RECURSION = YES;
				CLANG_WARN_INT_CONVERSION = YES;
				CLANG_WARN_NON_LITERAL_NULL_CONVERSION = YES;
				CLANG_WARN_OBJC_IMPLICIT_RETAIN_SELF = YES;
				CLANG_WARN_OBJC_LITERAL_CONVERSION = YES;
				CLANG_WARN_OBJC_ROOT_CLASS = YES_ERROR;
				CLANG_WARN_QUOTED_INCLUDE_IN_FRAMEWORK_HEADER = YES;
				CLANG_WARN_RANGE_LOOP_ANALYSIS = YES;
				CLANG_WARN_STRICT_PROTOTYPES = YES;
				CLANG_WARN_SUSPICIOUS_MOVE = YES;
				CLANG_WARN_UNGUARDED_AVAILABILITY = YES_AGGRESSIVE;
				CLANG_WARN_UNREACHABLE_CODE = YES;
				CLANG_WARN__DUPLICATE_METHOD_MATCH = YES;
				COPY_PHASE_STRIP = NO;
				DEBUG_INFORMATION_FORMAT = "dwarf-with-dsym";
				ENABLE_NS_ASSERTIONS = NO;
				ENABLE_STRICT_OBJC_MSGSEND = YES;
				GCC_C_LANGUAGE_STANDARD = gnu11;
				GCC_NO_COMMON_BLOCKS = YES;
				GCC_WARN_64_TO_32_BIT_CONVERSION = YES;
				GCC_WARN_ABOUT_RETURN_TYPE = YES_ERROR;
				GCC_WARN_UNDECLARED_SELECTOR = YES;
				GCC_WARN_UNINITIALIZED_AUTOS = YES_AGGRESSIVE;
				GCC_WARN_UNUSED_FUNCTION = YES;
				GCC_WARN_UNUSED_VARIABLE = YES;
				IPHONEOS_DEPLOYMENT_TARGET = 15.0;
				MTL_ENABLE_DEBUG_INFO = NO;
				MTL_FAST_MATH = YES;
				SDKROOT = iphoneos;
				SWIFT_COMPILATION_MODE = wholemodule;
				SWIFT_OPTIMIZATION_LEVEL = "-O";
				VALIDATE_PRODUCT = YES;
			};
			name = Release;
		};
		A4DEBE612865DC4A008D21A5 /* Debug */ = {
			isa = XCBuildConfiguration;
			buildSettings = {
				ASSETCATALOG_COMPILER_APPICON_NAME = AppIcon;
				ASSETCATALOG_COMPILER_GLOBAL_ACCENT_COLOR_NAME = AccentColor;
				CODE_SIGN_STYLE = Automatic;
				CURRENT_PROJECT_VERSION = 1;
				DEVELOPMENT_TEAM = NFMGZN9SCN;
				GENERATE_INFOPLIST_FILE = YES;
				INFOPLIST_FILE = Task2/Info.plist;
				INFOPLIST_KEY_UIApplicationSupportsIndirectInputEvents = YES;
				INFOPLIST_KEY_UILaunchStoryboardName = LaunchScreen;
				INFOPLIST_KEY_UISupportedInterfaceOrientations_iPad = "UIInterfaceOrientationPortrait UIInterfaceOrientationPortraitUpsideDown UIInterfaceOrientationLandscapeLeft UIInterfaceOrientationLandscapeRight";
				INFOPLIST_KEY_UISupportedInterfaceOrientations_iPhone = "UIInterfaceOrientationPortrait UIInterfaceOrientationLandscapeLeft UIInterfaceOrientationLandscapeRight";
				LD_RUNPATH_SEARCH_PATHS = (
					"$(inherited)",
					"@executable_path/Frameworks",
				);
				MARKETING_VERSION = 1.0;
				PRODUCT_BUNDLE_IDENTIFIER = com.allaShkolnik.Task2;
				PRODUCT_NAME = "$(TARGET_NAME)";
				SWIFT_EMIT_LOC_STRINGS = YES;
				SWIFT_VERSION = 5.0;
				TARGETED_DEVICE_FAMILY = "1,2";
			};
			name = Debug;
		};
		A4DEBE622865DC4A008D21A5 /* Release */ = {
			isa = XCBuildConfiguration;
			buildSettings = {
				ASSETCATALOG_COMPILER_APPICON_NAME = AppIcon;
				ASSETCATALOG_COMPILER_GLOBAL_ACCENT_COLOR_NAME = AccentColor;
				CODE_SIGN_STYLE = Automatic;
				CURRENT_PROJECT_VERSION = 1;
				DEVELOPMENT_TEAM = NFMGZN9SCN;
				GENERATE_INFOPLIST_FILE = YES;
				INFOPLIST_FILE = Task2/Info.plist;
				INFOPLIST_KEY_UIApplicationSupportsIndirectInputEvents = YES;
				INFOPLIST_KEY_UILaunchStoryboardName = LaunchScreen;
				INFOPLIST_KEY_UISupportedInterfaceOrientations_iPad = "UIInterfaceOrientationPortrait UIInterfaceOrientationPortraitUpsideDown UIInterfaceOrientationLandscapeLeft UIInterfaceOrientationLandscapeRight";
				INFOPLIST_KEY_UISupportedInterfaceOrientations_iPhone = "UIInterfaceOrientationPortrait UIInterfaceOrientationLandscapeLeft UIInterfaceOrientationLandscapeRight";
				LD_RUNPATH_SEARCH_PATHS = (
					"$(inherited)",
					"@executable_path/Frameworks",
				);
				MARKETING_VERSION = 1.0;
				PRODUCT_BUNDLE_IDENTIFIER = com.allaShkolnik.Task2;
				PRODUCT_NAME = "$(TARGET_NAME)";
				SWIFT_EMIT_LOC_STRINGS = YES;
				SWIFT_VERSION = 5.0;
				TARGETED_DEVICE_FAMILY = "1,2";
			};
			name = Release;
		};
/* End XCBuildConfiguration section */

/* Begin XCConfigurationList section */
		A4DEBE472865DC46008D21A5 /* Build configuration list for PBXProject "Task2" */ = {
			isa = XCConfigurationList;
			buildConfigurations = (
				A4DEBE5E2865DC4A008D21A5 /* Debug */,
				A4DEBE5F2865DC4A008D21A5 /* Release */,
			);
			defaultConfigurationIsVisible = 0;
			defaultConfigurationName = Release;
		};
		A4DEBE602865DC4A008D21A5 /* Build configuration list for PBXNativeTarget "Task2" */ = {
			isa = XCConfigurationList;
			buildConfigurations = (
				A4DEBE612865DC4A008D21A5 /* Debug */,
				A4DEBE622865DC4A008D21A5 /* Release */,
			);
			defaultConfigurationIsVisible = 0;
			defaultConfigurationName = Release;
		};
/* End XCConfigurationList section */

/* Begin XCRemoteSwiftPackageReference section */
		4D0FADA12882166A000230A1 /* XCRemoteSwiftPackageReference "Kingfisher" */ = {
			isa = XCRemoteSwiftPackageReference;
			repositoryURL = "https://github.com/onevcat/Kingfisher";
			requirement = {
				kind = upToNextMajorVersion;
				minimumVersion = 7.3.0;
			};
		};
		4DEE70B4286AE98B00340636 /* XCRemoteSwiftPackageReference "SnapKit" */ = {
			isa = XCRemoteSwiftPackageReference;
			repositoryURL = "https://github.com/SnapKit/SnapKit.git";
			requirement = {
				kind = upToNextMajorVersion;
				minimumVersion = 5.0.1;
			};
		};
/* End XCRemoteSwiftPackageReference section */

/* Begin XCSwiftPackageProductDependency section */
		4D0FADA22882166A000230A1 /* Kingfisher */ = {
			isa = XCSwiftPackageProductDependency;
			package = 4D0FADA12882166A000230A1 /* XCRemoteSwiftPackageReference "Kingfisher" */;
			productName = Kingfisher;
		};
		4DEE70B5286AE98B00340636 /* SnapKit */ = {
			isa = XCSwiftPackageProductDependency;
			package = 4DEE70B4286AE98B00340636 /* XCRemoteSwiftPackageReference "SnapKit" */;
			productName = SnapKit;
		};
/* End XCSwiftPackageProductDependency section */
	};
	rootObject = A4DEBE442865DC46008D21A5 /* Project object */;
}
